// !$*UTF8*$!
{
	archiveVersion = 1;
	classes = {
	};
	objectVersion = 48;
	objects = {

/* Begin PBXBuildFile section */
		18CD8BA81F202FE900001611 /* AppDelegate.swift in Sources */ = {isa = PBXBuildFile; fileRef = 18CD8BA71F202FE900001611 /* AppDelegate.swift */; };
		18CD8BAA1F202FE900001611 /* ViewController.swift in Sources */ = {isa = PBXBuildFile; fileRef = 18CD8BA91F202FE900001611 /* ViewController.swift */; };
		18CD8BAD1F202FE900001611 /* Main.storyboard in Resources */ = {isa = PBXBuildFile; fileRef = 18CD8BAB1F202FE900001611 /* Main.storyboard */; };
		18CD8BB01F202FE900001611 /* SoundBoard.xcdatamodeld in Sources */ = {isa = PBXBuildFile; fileRef = 18CD8BAE1F202FE900001611 /* SoundBoard.xcdatamodeld */; };
		18CD8BB21F202FE900001611 /* Assets.xcassets in Resources */ = {isa = PBXBuildFile; fileRef = 18CD8BB11F202FE900001611 /* Assets.xcassets */; };
		18CD8BB51F202FE900001611 /* LaunchScreen.storyboard in Resources */ = {isa = PBXBuildFile; fileRef = 18CD8BB31F202FE900001611 /* LaunchScreen.storyboard */; };
		18CD8BBD1F20348700001611 /* SoundViewController.swift in Sources */ = {isa = PBXBuildFile; fileRef = 18CD8BBC1F20348700001611 /* SoundViewController.swift */; };
/* End PBXBuildFile section */

/* Begin PBXFileReference section */
		18CD8BA41F202FE900001611 /* SoundBoard.app */ = {isa = PBXFileReference; explicitFileType = wrapper.application; includeInIndex = 0; path = SoundBoard.app; sourceTree = BUILT_PRODUCTS_DIR; };
		18CD8BA71F202FE900001611 /* AppDelegate.swift */ = {isa = PBXFileReference; lastKnownFileType = sourcecode.swift; path = AppDelegate.swift; sourceTree = "<group>"; };
		18CD8BA91F202FE900001611 /* ViewController.swift */ = {isa = PBXFileReference; lastKnownFileType = sourcecode.swift; path = ViewController.swift; sourceTree = "<group>"; };
		18CD8BAC1F202FE900001611 /* Base */ = {isa = PBXFileReference; lastKnownFileType = file.storyboard; name = Base; path = Base.lproj/Main.storyboard; sourceTree = "<group>"; };
		18CD8BAF1F202FE900001611 /* SoundBoard.xcdatamodel */ = {isa = PBXFileReference; lastKnownFileType = wrapper.xcdatamodel; path = SoundBoard.xcdatamodel; sourceTree = "<group>"; };
		18CD8BB11F202FE900001611 /* Assets.xcassets */ = {isa = PBXFileReference; lastKnownFileType = folder.assetcatalog; path = Assets.xcassets; sourceTree = "<group>"; };
		18CD8BB41F202FE900001611 /* Base */ = {isa = PBXFileReference; lastKnownFileType = file.storyboard; name = Base; path = Base.lproj/LaunchScreen.storyboard; sourceTree = "<group>"; };
		18CD8BB61F202FE900001611 /* Info.plist */ = {isa = PBXFileReference; lastKnownFileType = text.plist.xml; path = Info.plist; sourceTree = "<group>"; };
		18CD8BBC1F20348700001611 /* SoundViewController.swift */ = {isa = PBXFileReference; lastKnownFileType = sourcecode.swift; path = SoundViewController.swift; sourceTree = "<group>"; };
/* End PBXFileReference section */

/* Begin PBXFrameworksBuildPhase section */
		18CD8BA11F202FE900001611 /* Frameworks */ = {
			isa = PBXFrameworksBuildPhase;
			buildActionMask = 2147483647;
			files = (
			);
			runOnlyForDeploymentPostprocessing = 0;
		};
/* End PBXFrameworksBuildPhase section */

/* Begin PBXGroup section */
		18CD8B9B1F202FE900001611 = {
			isa = PBXGroup;
			children = (
				18CD8BA61F202FE900001611 /* SoundBoard */,
				18CD8BA51F202FE900001611 /* Products */,
			);
			sourceTree = "<group>";
		};
		18CD8BA51F202FE900001611 /* Products */ = {
			isa = PBXGroup;
			children = (
				18CD8BA41F202FE900001611 /* SoundBoard.app */,
			);
			name = Products;
			sourceTree = "<group>";
		};
		18CD8BA61F202FE900001611 /* SoundBoard */ = {
			isa = PBXGroup;
			children = (
				18CD8BA71F202FE900001611 /* AppDelegate.swift */,
				18CD8BA91F202FE900001611 /* ViewController.swift */,
				18CD8BBC1F20348700001611 /* SoundViewController.swift */,
				18CD8BAB1F202FE900001611 /* Main.storyboard */,
				18CD8BB11F202FE900001611 /* Assets.xcassets */,
				18CD8BB31F202FE900001611 /* LaunchScreen.storyboard */,
				18CD8BB61F202FE900001611 /* Info.plist */,
				18CD8BAE1F202FE900001611 /* SoundBoard.xcdatamodeld */,
			);
			path = SoundBoard;
			sourceTree = "<group>";
		};
/* End PBXGroup section */

/* Begin PBXNativeTarget section */
		18CD8BA31F202FE900001611 /* SoundBoard */ = {
			isa = PBXNativeTarget;
			buildConfigurationList = 18CD8BB91F202FE900001611 /* Build configuration list for PBXNativeTarget "SoundBoard" */;
			buildPhases = (
				18CD8BA01F202FE900001611 /* Sources */,
				18CD8BA11F202FE900001611 /* Frameworks */,
				18CD8BA21F202FE900001611 /* Resources */,
			);
			buildRules = (
			);
			dependencies = (
			);
			name = SoundBoard;
			productName = SoundBoard;
			productReference = 18CD8BA41F202FE900001611 /* SoundBoard.app */;
			productType = "com.apple.product-type.application";
		};
/* End PBXNativeTarget section */

/* Begin PBXProject section */
		18CD8B9C1F202FE900001611 /* Project object */ = {
			isa = PBXProject;
			attributes = {
				LastSwiftUpdateCheck = 0900;
				LastUpgradeCheck = 0900;
				ORGANIZATIONNAME = Jeremy;
				TargetAttributes = {
					18CD8BA31F202FE900001611 = {
						CreatedOnToolsVersion = 9.0;
					};
				};
			};
			buildConfigurationList = 18CD8B9F1F202FE900001611 /* Build configuration list for PBXProject "SoundBoard" */;
			compatibilityVersion = "Xcode 8.0";
			developmentRegion = en;
			hasScannedForEncodings = 0;
			knownRegions = (
				en,
				Base,
			);
			mainGroup = 18CD8B9B1F202FE900001611;
			productRefGroup = 18CD8BA51F202FE900001611 /* Products */;
			projectDirPath = "";
			projectRoot = "";
			targets = (
				18CD8BA31F202FE900001611 /* SoundBoard */,
			);
		};
/* End PBXProject section */

/* Begin PBXResourcesBuildPhase section */
		18CD8BA21F202FE900001611 /* Resources */ = {
			isa = PBXResourcesBuildPhase;
			buildActionMask = 2147483647;
			files = (
				18CD8BB51F202FE900001611 /* LaunchScreen.storyboard in Resources */,
				18CD8BB21F202FE900001611 /* Assets.xcassets in Resources */,
				18CD8BAD1F202FE900001611 /* Main.storyboard in Resources */,
			);
			runOnlyForDeploymentPostprocessing = 0;
		};
/* End PBXResourcesBuildPhase section */

/* Begin PBXSourcesBuildPhase section */
		18CD8BA01F202FE900001611 /* Sources */ = {
			isa = PBXSourcesBuildPhase;
			buildActionMask = 2147483647;
			files = (
				18CD8BBD1F20348700001611 /* SoundViewController.swift in Sources */,
				18CD8BB01F202FE900001611 /* SoundBoard.xcdatamodeld in Sources */,
				18CD8BAA1F202FE900001611 /* ViewController.swift in Sources */,
				18CD8BA81F202FE900001611 /* AppDelegate.swift in Sources */,
			);
			runOnlyForDeploymentPostprocessing = 0;
		};
/* End PBXSourcesBuildPhase section */

/* Begin PBXVariantGroup section */
		18CD8BAB1F202FE900001611 /* Main.storyboard */ = {
			isa = PBXVariantGroup;
			children = (
				18CD8BAC1F202FE900001611 /* Base */,
			);
			name = Main.storyboard;
			sourceTree = "<group>";
		};
		18CD8BB31F202FE900001611 /* LaunchScreen.storyboard */ = {
			isa = PBXVariantGroup;
			children = (
				18CD8BB41F202FE900001611 /* Base */,
			);
			name = LaunchScreen.storyboard;
			sourceTree = "<group>";
		};
/* End PBXVariantGroup section */

/* Begin XCBuildConfiguration section */
		18CD8BB71F202FE900001611 /* Debug */ = {
			isa = XCBuildConfiguration;
			buildSettings = {
				ALWAYS_SEARCH_USER_PATHS = NO;
				CLANG_ANALYZER_NONNULL = YES;
				CLANG_ANALYZER_NUMBER_OBJECT_CONVERSION = YES_AGGRESSIVE;
				CLANG_CXX_LANGUAGE_STANDARD = "gnu++14";
				CLANG_CXX_LIBRARY = "libc++";
				CLANG_ENABLE_MODULES = YES;
				CLANG_ENABLE_OBJC_ARC = YES;
				CLANG_WARN_BLOCK_CAPTURE_AUTORELEASING = YES;
				CLANG_WARN_BOOL_CONVERSION = YES;
				CLANG_WARN_COMMA = YES;
				CLANG_WARN_CONSTANT_CONVERSION = YES;
				CLANG_WARN_DIRECT_OBJC_ISA_USAGE = YES_ERROR;
				CLANG_WARN_DOCUMENTATION_COMMENTS = YES;
				CLANG_WARN_EMPTY_BODY = YES;
				CLANG_WARN_ENUM_CONVERSION = YES;
				CLANG_WARN_INFINITE_RECURSION = YES;
				CLANG_WARN_INT_CONVERSION = YES;
				CLANG_WARN_NON_LITERAL_NULL_CONVERSION = YES;
				CLANG_WARN_OBJC_LITERAL_CONVERSION = YES;
				CLANG_WARN_OBJC_ROOT_CLASS = YES_ERROR;
				CLANG_WARN_RANGE_LOOP_ANALYSIS = YES;
				CLANG_WARN_STRICT_PROTOTYPES = YES;
				CLANG_WARN_SUSPICIOUS_MOVE = YES;
				CLANG_WARN_UNGUARDED_AVAILABILITY = YES_AGGRESSIVE;
				CLANG_WARN_UNREACHABLE_CODE = YES;
				CLANG_WARN__DUPLICATE_METHOD_MATCH = YES;
				CODE_SIGN_IDENTITY = "iPhone Developer";
				COPY_PHASE_STRIP = NO;
				DEBUG_INFORMATION_FORMAT = dwarf;
				ENABLE_STRICT_OBJC_MSGSEND = YES;
				ENABLE_TESTABILITY = YES;
				GCC_C_LANGUAGE_STANDARD = gnu11;
				GCC_DYNAMIC_NO_PIC = NO;
				GCC_NO_COMMON_BLOCKS = YES;
				GCC_OPTIMIZATION_LEVEL = 0;
				GCC_PREPROCESSOR_DEFINITIONS = (
					"DEBUG=1",
					"$(inherited)",
				);
				GCC_WARN_64_TO_32_BIT_CONVERSION = YES;
				GCC_WARN_ABOUT_RETURN_TYPE = YES_ERROR;
				GCC_WARN_UNDECLARED_SELECTOR = YES;
				GCC_WARN_UNINITIALIZED_AUTOS = YES_AGGRESSIVE;
				GCC_WARN_UNUSED_FUNCTION = YES;
				GCC_WARN_UNUSED_VARIABLE = YES;
				IPHONEOS_DEPLOYMENT_TARGET = 11.0;
				MTL_ENABLE_DEBUG_INFO = YES;
				ONLY_ACTIVE_ARCH = YES;
				SDKROOT = iphoneos;
				SWIFT_ACTIVE_COMPILATION_CONDITIONS = DEBUG;
				SWIFT_OPTIMIZATION_LEVEL = "-Onone";
			};
			name = Debug;
		};
		18CD8BB81F202FE900001611 /* Release */ = {
			isa = XCBuildConfiguration;
			buildSettings = {
				ALWAYS_SEARCH_USER_PATHS = NO;
				CLANG_ANALYZER_NONNULL = YES;
				CLANG_ANALYZER_NUMBER_OBJECT_CONVERSION = YES_AGGRESSIVE;
				CLANG_CXX_LANGUAGE_STANDARD = "gnu++14";
				CLANG_CXX_LIBRARY = "libc++";
				CLANG_ENABLE_MODULES = YES;
				CLANG_ENABLE_OBJC_ARC = YES;
				CLANG_WARN_BLOCK_CAPTURE_AUTORELEASING = YES;
				CLANG_WARN_BOOL_CONVERSION = YES;
				CLANG_WARN_COMMA = YES;
				CLANG_WARN_CONSTANT_CONVERSION = YES;
				CLANG_WARN_DIRECT_OBJC_ISA_USAGE = YES_ERROR;
				CLANG_WARN_DOCUMENTATION_COMMENTS = YES;
				CLANG_WARN_EMPTY_BODY = YES;
				CLANG_WARN_ENUM_CONVERSION = YES;
				CLANG_WARN_INFINITE_RECURSION = YES;
				CLANG_WARN_INT_CONVERSION = YES;
				CLANG_WARN_NON_LITERAL_NULL_CONVERSION = YES;
				CLANG_WARN_OBJC_LITERAL_CONVERSION = YES;
				CLANG_WARN_OBJC_ROOT_CLASS = YES_ERROR;
				CLANG_WARN_RANGE_LOOP_ANALYSIS = YES;
				CLANG_WARN_STRICT_PROTOTYPES = YES;
				CLANG_WARN_SUSPICIOUS_MOVE = YES;
				CLANG_WARN_UNGUARDED_AVAILABILITY = YES_AGGRESSIVE;
				CLANG_WARN_UNREACHABLE_CODE = YES;
				CLANG_WARN__DUPLICATE_METHOD_MATCH = YES;
				CODE_SIGN_IDENTITY = "iPhone Developer";
				COPY_PHASE_STRIP = NO;
				DEBUG_INFORMATION_FORMAT = "dwarf-with-dsym";
				ENABLE_NS_ASSERTIONS = NO;
				ENABLE_STRICT_OBJC_MSGSEND = YES;
				GCC_C_LANGUAGE_STANDARD = gnu11;
				GCC_NO_COMMON_BLOCKS = YES;
				GCC_WARN_64_TO_32_BIT_CONVERSION = YES;
				GCC_WARN_ABOUT_RETURN_TYPE = YES_ERROR;
				GCC_WARN_UNDECLARED_SELECTOR = YES;
				GCC_WARN_UNINITIALIZED_AUTOS = YES_AGGRESSIVE;
				GCC_WARN_UNUSED_FUNCTION = YES;
				GCC_WARN_UNUSED_VARIABLE = YES;
				IPHONEOS_DEPLOYMENT_TARGET = 11.0;
				MTL_ENABLE_DEBUG_INFO = NO;
				SDKROOT = iphoneos;
				SWIFT_OPTIMIZATION_LEVEL = "-Owholemodule";
				VALIDATE_PRODUCT = YES;
			};
			name = Release;
		};
		18CD8BBA1F202FE900001611 /* Debug */ = {
			isa = XCBuildConfiguration;
			buildSettings = {
				ASSETCATALOG_COMPILER_APPICON_NAME = AppIcon;
				DEVELOPMENT_TEAM = VESFM88WFB;
				INFOPLIST_FILE = SoundBoard/Info.plist;
				LD_RUNPATH_SEARCH_PATHS = "$(inherited) @executable_path/Frameworks";
				PRODUCT_BUNDLE_IDENTIFIER = Jeremy.SoundBoard;
				PRODUCT_NAME = "$(TARGET_NAME)";
				SWIFT_VERSION = 4.0;
				TARGETED_DEVICE_FAMILY = "1,2";
			};
			name = Debug;
		};
		18CD8BBB1F202FE900001611 /* Release */ = {
			isa = XCBuildConfiguration;
			buildSettings = {
				ASSETCATALOG_COMPILER_APPICON_NAME = AppIcon;
				DEVELOPMENT_TEAM = VESFM88WFB;
				INFOPLIST_FILE = SoundBoard/Info.plist;
				LD_RUNPATH_SEARCH_PATHS = "$(inherited) @executable_path/Frameworks";
				PRODUCT_BUNDLE_IDENTIFIER = Jeremy.SoundBoard;
				PRODUCT_NAME = "$(TARGET_NAME)";
				SWIFT_VERSION = 4.0;
				TARGETED_DEVICE_FAMILY = "1,2";
			};
			name = Release;
		};
/* End XCBuildConfiguration section */

/* Begin XCConfigurationList section */
		18CD8B9F1F202FE900001611 /* Build configuration list for PBXProject "SoundBoard" */ = {
			isa = XCConfigurationList;
			buildConfigurations = (
				18CD8BB71F202FE900001611 /* Debug */,
				18CD8BB81F202FE900001611 /* Release */,
			);
			defaultConfigurationIsVisible = 0;
			defaultConfigurationName = Release;
		};
		18CD8BB91F202FE900001611 /* Build configuration list for PBXNativeTarget "SoundBoard" */ = {
			isa = XCConfigurationList;
			buildConfigurations = (
				18CD8BBA1F202FE900001611 /* Debug */,
				18CD8BBB1F202FE900001611 /* Release */,
			);
			defaultConfigurationIsVisible = 0;
		};
/* End XCConfigurationList section */

/* Begin XCVersionGroup section */
		18CD8BAE1F202FE900001611 /* SoundBoard.xcdatamodeld */ = {
			isa = XCVersionGroup;
			children = (
				18CD8BAF1F202FE900001611 /* SoundBoard.xcdatamodel */,
			);
			currentVersion = 18CD8BAF1F202FE900001611 /* SoundBoard.xcdatamodel */;
			path = SoundBoard.xcdatamodeld;
			sourceTree = "<group>";
			versionGroupType = wrapper.xcdatamodel;
		};
/* End XCVersionGroup section */
	};
	rootObject = 18CD8B9C1F202FE900001611 /* Project object */;
}
